
Microsoft Visual Studio Solution File, Format Version 12.00
# Visual Studio 14
VisualStudioVersion = 14.0.25420.1
MinimumVisualStudioVersion = 10.0.40219.1
Project("{FAE04EC0-301F-11D3-BF4B-00C04F79EFBC}") = "HelloWorld", "HelloWorld\HelloWorld.csproj", "{7A7FEE31-7B52-4190-9297-D2768D155DBB}"
EndProject
Project("{FAE04EC0-301F-11D3-BF4B-00C04F79EFBC}") = "DemoClass", "..\..\..\..\anjaneshss01\ConsoleApp\DemoClass\DemoClass.csproj", "{FAA8DBD2-2DD4-4AAD-B43E-3C473FCF5F59}"
EndProject
Global
	GlobalSection(SolutionConfigurationPlatforms) = preSolution
		Debug|Any CPU = Debug|Any CPU
		Release|Any CPU = Release|Any CPU
	EndGlobalSection
	GlobalSection(ProjectConfigurationPlatforms) = postSolution
		{7A7FEE31-7B52-4190-9297-D2768D155DBB}.Debug|Any CPU.ActiveCfg = Debug|Any CPU
		{7A7FEE31-7B52-4190-9297-D2768D155DBB}.Debug|Any CPU.Build.0 = Debug|Any CPU
		{7A7FEE31-7B52-4190-9297-D2768D155DBB}.Release|Any CPU.ActiveCfg = Release|Any CPU
		{7A7FEE31-7B52-4190-9297-D2768D155DBB}.Release|Any CPU.Build.0 = Release|Any CPU
		{FAA8DBD2-2DD4-4AAD-B43E-3C473FCF5F59}.Debug|Any CPU.ActiveCfg = Debug|Any CPU
		{FAA8DBD2-2DD4-4AAD-B43E-3C473FCF5F59}.Debug|Any CPU.Build.0 = Debug|Any CPU
		{FAA8DBD2-2DD4-4AAD-B43E-3C473FCF5F59}.Release|Any CPU.ActiveCfg = Release|Any CPU
		{FAA8DBD2-2DD4-4AAD-B43E-3C473FCF5F59}.Release|Any CPU.Build.0 = Release|Any CPU
	EndGlobalSection
	GlobalSection(SolutionProperties) = preSolution
		HideSolutionNode = FALSE
	EndGlobalSection
EndGlobal
